
Microsoft Visual Studio Solution File, Format Version 12.00
# Visual Studio 2012
Project("{FAE04EC0-301F-11D3-BF4B-00C04F79EFBC}") = "TroiaBricks", "TemplateFinal\TroiaBricks.csproj", "{F13744CE-A3B0-426B-8A4A-CF6F482B80CD}"
EndProject
Project("{FAE04EC0-301F-11D3-BF4B-00C04F79EFBC}") = "MonoGame.Framework.WindowsPhone", "MonoGame\MonoGame.Framework\MonoGame.Framework.WindowsPhone.csproj", "{BAA9A6E4-7690-4DE0-9531-DE0EAEEC9739}"
EndProject
Project("{FAE04EC0-301F-11D3-BF4B-00C04F79EFBC}") = "TroiaBricksYeni", "TroiaBricksYeni\TroiaBricksYeni.csproj", "{C86141D9-8E60-4F43-94DC-E424291DE748}"
EndProject
Project("{F088123C-0E9E-452A-89E6-6BA2F21D5CAC}") = "ModelingProject1", "ModelingProject1\ModelingProject1.modelproj", "{9E3D2CFF-E7BD-4244-B95C-D23EA8AD3951}"
EndProject
Global
	GlobalSection(SolutionConfigurationPlatforms) = preSolution
		Debug|Any CPU = Debug|Any CPU
		Debug|ARM = Debug|ARM
		Debug|Mixed Platforms = Debug|Mixed Platforms
		Debug|x86 = Debug|x86
		Release|Any CPU = Release|Any CPU
		Release|ARM = Release|ARM
		Release|Mixed Platforms = Release|Mixed Platforms
		Release|x86 = Release|x86
	EndGlobalSection
	GlobalSection(ProjectConfigurationPlatforms) = postSolution
		{F13744CE-A3B0-426B-8A4A-CF6F482B80CD}.Debug|Any CPU.ActiveCfg = Debug|x86
		{F13744CE-A3B0-426B-8A4A-CF6F482B80CD}.Debug|ARM.ActiveCfg = Release|ARM
		{F13744CE-A3B0-426B-8A4A-CF6F482B80CD}.Debug|ARM.Build.0 = Release|ARM
		{F13744CE-A3B0-426B-8A4A-CF6F482B80CD}.Debug|ARM.Deploy.0 = Release|ARM
		{F13744CE-A3B0-426B-8A4A-CF6F482B80CD}.Debug|Mixed Platforms.ActiveCfg = Debug|x86
		{F13744CE-A3B0-426B-8A4A-CF6F482B80CD}.Debug|Mixed Platforms.Build.0 = Debug|x86
		{F13744CE-A3B0-426B-8A4A-CF6F482B80CD}.Debug|Mixed Platforms.Deploy.0 = Debug|x86
		{F13744CE-A3B0-426B-8A4A-CF6F482B80CD}.Debug|x86.ActiveCfg = Debug|x86
		{F13744CE-A3B0-426B-8A4A-CF6F482B80CD}.Debug|x86.Build.0 = Debug|x86
		{F13744CE-A3B0-426B-8A4A-CF6F482B80CD}.Debug|x86.Deploy.0 = Debug|x86
		{F13744CE-A3B0-426B-8A4A-CF6F482B80CD}.Release|Any CPU.ActiveCfg = Release|x86
		{F13744CE-A3B0-426B-8A4A-CF6F482B80CD}.Release|ARM.ActiveCfg = Release|ARM
		{F13744CE-A3B0-426B-8A4A-CF6F482B80CD}.Release|ARM.Build.0 = Release|ARM
		{F13744CE-A3B0-426B-8A4A-CF6F482B80CD}.Release|ARM.Deploy.0 = Release|ARM
		{F13744CE-A3B0-426B-8A4A-CF6F482B80CD}.Release|Mixed Platforms.ActiveCfg = Release|x86
		{F13744CE-A3B0-426B-8A4A-CF6F482B80CD}.Release|Mixed Platforms.Build.0 = Release|x86
		{F13744CE-A3B0-426B-8A4A-CF6F482B80CD}.Release|Mixed Platforms.Deploy.0 = Release|x86
		{F13744CE-A3B0-426B-8A4A-CF6F482B80CD}.Release|x86.ActiveCfg = Release|x86
		{F13744CE-A3B0-426B-8A4A-CF6F482B80CD}.Release|x86.Build.0 = Release|x86
		{F13744CE-A3B0-426B-8A4A-CF6F482B80CD}.Release|x86.Deploy.0 = Release|x86
		{BAA9A6E4-7690-4DE0-9531-DE0EAEEC9739}.Debug|Any CPU.ActiveCfg = Debug|Any CPU
		{BAA9A6E4-7690-4DE0-9531-DE0EAEEC9739}.Debug|Any CPU.Build.0 = Debug|Any CPU
		{BAA9A6E4-7690-4DE0-9531-DE0EAEEC9739}.Debug|ARM.ActiveCfg = Release|ARM
		{BAA9A6E4-7690-4DE0-9531-DE0EAEEC9739}.Debug|ARM.Build.0 = Release|ARM
		{BAA9A6E4-7690-4DE0-9531-DE0EAEEC9739}.Debug|Mixed Platforms.ActiveCfg = Debug|x86
		{BAA9A6E4-7690-4DE0-9531-DE0EAEEC9739}.Debug|Mixed Platforms.Build.0 = Debug|x86
		{BAA9A6E4-7690-4DE0-9531-DE0EAEEC9739}.Debug|x86.ActiveCfg = Debug|x86
		{BAA9A6E4-7690-4DE0-9531-DE0EAEEC9739}.Debug|x86.Build.0 = Debug|x86
		{BAA9A6E4-7690-4DE0-9531-DE0EAEEC9739}.Release|Any CPU.ActiveCfg = Release|Any CPU
		{BAA9A6E4-7690-4DE0-9531-DE0EAEEC9739}.Release|Any CPU.Build.0 = Release|Any CPU
		{BAA9A6E4-7690-4DE0-9531-DE0EAEEC9739}.Release|ARM.ActiveCfg = Release|ARM
		{BAA9A6E4-7690-4DE0-9531-DE0EAEEC9739}.Release|ARM.Build.0 = Release|ARM
		{BAA9A6E4-7690-4DE0-9531-DE0EAEEC9739}.Release|Mixed Platforms.ActiveCfg = Release|x86
		{BAA9A6E4-7690-4DE0-9531-DE0EAEEC9739}.Release|Mixed Platforms.Build.0 = Release|x86
		{BAA9A6E4-7690-4DE0-9531-DE0EAEEC9739}.Release|x86.ActiveCfg = Release|x86
		{BAA9A6E4-7690-4DE0-9531-DE0EAEEC9739}.Release|x86.Build.0 = Release|x86
		{C86141D9-8E60-4F43-94DC-E424291DE748}.Debug|Any CPU.ActiveCfg = Debug|x86
		{C86141D9-8E60-4F43-94DC-E424291DE748}.Debug|ARM.ActiveCfg = Debug|ARM
		{C86141D9-8E60-4F43-94DC-E424291DE748}.Debug|ARM.Build.0 = Debug|ARM
		{C86141D9-8E60-4F43-94DC-E424291DE748}.Debug|ARM.Deploy.0 = Debug|ARM
		{C86141D9-8E60-4F43-94DC-E424291DE748}.Debug|Mixed Platforms.ActiveCfg = Debug|x86
		{C86141D9-8E60-4F43-94DC-E424291DE748}.Debug|Mixed Platforms.Build.0 = Debug|x86
		{C86141D9-8E60-4F43-94DC-E424291DE748}.Debug|Mixed Platforms.Deploy.0 = Debug|x86
		{C86141D9-8E60-4F43-94DC-E424291DE748}.Debug|x86.ActiveCfg = Debug|x86
		{C86141D9-8E60-4F43-94DC-E424291DE748}.Debug|x86.Build.0 = Debug|x86
		{C86141D9-8E60-4F43-94DC-E424291DE748}.Debug|x86.Deploy.0 = Debug|x86
		{C86141D9-8E60-4F43-94DC-E424291DE748}.Release|Any CPU.ActiveCfg = Release|x86
		{C86141D9-8E60-4F43-94DC-E424291DE748}.Release|ARM.ActiveCfg = Release|ARM
		{C86141D9-8E60-4F43-94DC-E424291DE748}.Release|ARM.Build.0 = Release|ARM
		{C86141D9-8E60-4F43-94DC-E424291DE748}.Release|ARM.Deploy.0 = Release|ARM
		{C86141D9-8E60-4F43-94DC-E424291DE748}.Release|Mixed Platforms.ActiveCfg = Release|x86
		{C86141D9-8E60-4F43-94DC-E424291DE748}.Release|Mixed Platforms.Build.0 = Release|x86
		{C86141D9-8E60-4F43-94DC-E424291DE748}.Release|Mixed Platforms.Deploy.0 = Release|x86
		{C86141D9-8E60-4F43-94DC-E424291DE748}.Release|x86.ActiveCfg = Release|x86
		{C86141D9-8E60-4F43-94DC-E424291DE748}.Release|x86.Build.0 = Release|x86
		{C86141D9-8E60-4F43-94DC-E424291DE748}.Release|x86.Deploy.0 = Release|x86
		{9E3D2CFF-E7BD-4244-B95C-D23EA8AD3951}.Debug|Any CPU.ActiveCfg = Debug|Any CPU
		{9E3D2CFF-E7BD-4244-B95C-D23EA8AD3951}.Debug|Any CPU.Build.0 = Debug|Any CPU
		{9E3D2CFF-E7BD-4244-B95C-D23EA8AD3951}.Debug|ARM.ActiveCfg = Debug|Any CPU
		{9E3D2CFF-E7BD-4244-B95C-D23EA8AD3951}.Debug|Mixed Platforms.ActiveCfg = Debug|Any CPU
		{9E3D2CFF-E7BD-4244-B95C-D23EA8AD3951}.Debug|Mixed Platforms.Build.0 = Debug|Any CPU
		{9E3D2CFF-E7BD-4244-B95C-D23EA8AD3951}.Debug|x86.ActiveCfg = Debug|Any CPU
		{9E3D2CFF-E7BD-4244-B95C-D23EA8AD3951}.Release|Any CPU.ActiveCfg = Release|Any CPU
		{9E3D2CFF-E7BD-4244-B95C-D23EA8AD3951}.Release|Any CPU.Build.0 = Release|Any CPU
		{9E3D2CFF-E7BD-4244-B95C-D23EA8AD3951}.Release|ARM.ActiveCfg = Release|Any CPU
		{9E3D2CFF-E7BD-4244-B95C-D23EA8AD3951}.Release|Mixed Platforms.ActiveCfg = Release|Any CPU
		{9E3D2CFF-E7BD-4244-B95C-D23EA8AD3951}.Release|Mixed Platforms.Build.0 = Release|Any CPU
		{9E3D2CFF-E7BD-4244-B95C-D23EA8AD3951}.Release|x86.ActiveCfg = Release|Any CPU
	EndGlobalSection
	GlobalSection(SolutionProperties) = preSolution
		HideSolutionNode = FALSE
	EndGlobalSection
EndGlobal
